// !$*UTF8*$!
{
	archiveVersion = 1;
	classes = {
	};
	objectVersion = 60;
	objects = {

/* Begin PBXBuildFile section */
		88B000000000000000000001 /* ActionButton.swift in Sources */ = {isa = PBXBuildFile; fileRef = 88A000000000000000000001 /* ActionButton.swift */; };
		88B000000000000000000006 /* ContentView.swift in Sources */ = {isa = PBXBuildFile; fileRef = 88A000000000000000000006 /* ContentView.swift */; };
		88B000000000000000000008 /* PetRepository.swift in Sources */ = {isa = PBXBuildFile; fileRef = 88A000000000000000000008 /* PetRepository.swift */; };
		88B000000000000000000009 /* DiscoverView.swift in Sources */ = {isa = PBXBuildFile; fileRef = 88A000000000000000000009 /* DiscoverView.swift */; };
		88B00000000000000000000A /* Haptics.swift in Sources */ = {isa = PBXBuildFile; fileRef = 88A00000000000000000000A /* Haptics.swift */; };
		88B00000000000000000000B /* LikedView.swift in Sources */ = {isa = PBXBuildFile; fileRef = 88A00000000000000000000B /* LikedView.swift */; };
		88B00000000000000000000C /* Models.swift in Sources */ = {isa = PBXBuildFile; fileRef = 88A00000000000000000000C /* Models.swift */; };
		88B00000000000000000000D /* PetCardView.swift in Sources */ = {isa = PBXBuildFile; fileRef = 88A00000000000000000000D /* PetCardView.swift */; };
		88B00000000000000000000E /* PetDeckViewModel.swift in Sources */ = {isa = PBXBuildFile; fileRef = 88A00000000000000000000E /* PetDeckViewModel.swift */; };
		88B00000000000000000000F /* PetDetailView.swift in Sources */ = {isa = PBXBuildFile; fileRef = 88A00000000000000000000F /* PetDetailView.swift */; };
		88B000000000000000000010 /* PetMatchApp.swift in Sources */ = {isa = PBXBuildFile; fileRef = 88A000000000000000000010 /* PetMatchApp.swift */; };
		88B000000000000000000011 /* Theme.swift in Sources */ = {isa = PBXBuildFile; fileRef = 88A000000000000000000011 /* Theme.swift */; };
		88B000000000000000000013 /* SafariView.swift in Sources */ = {isa = PBXBuildFile; fileRef = 88A000000000000000000013 /* SafariView.swift */; };
		88B000000000000000000014 /* PetDetailViewModel.swift in Sources */ = {isa = PBXBuildFile; fileRef = 88A000000000000000000014 /* PetDetailViewModel.swift */; };
		88B000000000000000000015 /* Assets.xcassets in Resources */ = {isa = PBXBuildFile; fileRef = 88A000000000000000000015 /* Assets.xcassets */; };
		88B000000000000000000016 /* Preview Assets.xcassets in Resources */ = {isa = PBXBuildFile; fileRef = 88A000000000000000000016 /* Preview Assets.xcassets */; };
		88B000000000000000000017 /* PetSearchForm.swift in Sources */ = {isa = PBXBuildFile; fileRef = 88A000000000000000000017 /* PetSearchForm.swift */; };
		88B000000000000000000018 /* PetfinderConfig.swift in Sources */ = {isa = PBXBuildFile; fileRef = 88A000000000000000000018 /* PetfinderConfig.swift */; };
		88B000000000000000000019 /* PetfinderError.swift in Sources */ = {isa = PBXBuildFile; fileRef = 88A000000000000000000019 /* PetfinderError.swift */; };
		88B00000000000000000001A /* PetfinderDTOs.swift in Sources */ = {isa = PBXBuildFile; fileRef = 88A00000000000000000001A /* PetfinderDTOs.swift */; };
		88B00000000000000000001B /* PetfinderClient.swift in Sources */ = {isa = PBXBuildFile; fileRef = 88A00000000000000000001B /* PetfinderClient.swift */; };
		88B00000000000000000001C /* PetfinderPetRepository.swift in Sources */ = {isa = PBXBuildFile; fileRef = 88A00000000000000000001C /* PetfinderPetRepository.swift */; };
		88B00000000000000000001D /* SamplePetRepository.swift in Sources */ = {isa = PBXBuildFile; fileRef = 88A00000000000000000001D /* SamplePetRepository.swift */; };
		88B00000000000000000001E /* DistributorPetRepository.swift in Sources */ = {isa = PBXBuildFile; fileRef = 88A00000000000000000001E /* DistributorPetRepository.swift */; };
		88B00000000000000000001F /* OnboardingView.swift in Sources */ = {isa = PBXBuildFile; fileRef = 88A00000000000000000001F /* OnboardingView.swift */; };
		88B000000000000000000020 /* LocationManager.swift in Sources */ = {isa = PBXBuildFile; fileRef = 88A000000000000000000020 /* LocationManager.swift */; };
		88B000000000000000000021 /* MapView.swift in Sources */ = {isa = PBXBuildFile; fileRef = 88A000000000000000000021 /* MapView.swift */; };
		88B000000000000000000022 /* MapLocationPickerView.swift in Sources */ = {isa = PBXBuildFile; fileRef = 88A000000000000000000022 /* MapLocationPickerView.swift */; };
		88B000000000000000000023 /* NewsView.swift in Sources */ = {isa = PBXBuildFile; fileRef = 88A000000000000000000023 /* NewsView.swift */; };
		88B000000000000000000024 /* NewsArticle.swift in Sources */ = {isa = PBXBuildFile; fileRef = 88A000000000000000000024 /* NewsArticle.swift */; };
		88B000000000000000000025 /* NewsService.swift in Sources */ = {isa = PBXBuildFile; fileRef = 88A000000000000000000025 /* NewsService.swift */; };
/* End PBXBuildFile section */

/* Begin PBXContainerItemProxy section */
		77AAC0EA2F0C311600DBC379 /* PBXContainerItemProxy */ = {
			isa = PBXContainerItemProxy;
			containerPortal = 77AAC0D12F0C311400DBC379 /* Project object */;
			proxyType = 1;
			remoteGlobalIDString = 77AAC0D82F0C311400DBC379;
			remoteInfo = PetMatch;
		};
		77AAC0F42F0C311600DBC379 /* PBXContainerItemProxy */ = {
			isa = PBXContainerItemProxy;
			containerPortal = 77AAC0D12F0C311400DBC379 /* Project object */;
			proxyType = 1;
			remoteGlobalIDString = 77AAC0D82F0C311400DBC379;
			remoteInfo = PetMatch;
		};
/* End PBXContainerItemProxy section */

/* Begin PBXFileReference section */
		77AAC0D92F0C311400DBC379 /* PetMatch.app */ = {isa = PBXFileReference; explicitFileType = wrapper.application; includeInIndex = 0; path = PetMatch.app; sourceTree = BUILT_PRODUCTS_DIR; };
		77AAC0E92F0C311600DBC379 /* PetMatchTests.xctest */ = {isa = PBXFileReference; explicitFileType = wrapper.cfbundle; includeInIndex = 0; path = PetMatchTests.xctest; sourceTree = BUILT_PRODUCTS_DIR; };
		77AAC0F32F0C311600DBC379 /* PetMatchUITests.xctest */ = {isa = PBXFileReference; explicitFileType = wrapper.cfbundle; includeInIndex = 0; path = PetMatchUITests.xctest; sourceTree = BUILT_PRODUCTS_DIR; };
		88A000000000000000000001 /* ActionButton.swift */ = {isa = PBXFileReference; lastKnownFileType = sourcecode.swift; path = ActionButton.swift; sourceTree = "<group>"; };
		88A000000000000000000006 /* ContentView.swift */ = {isa = PBXFileReference; lastKnownFileType = sourcecode.swift; path = ContentView.swift; sourceTree = "<group>"; };
		88A000000000000000000008 /* PetRepository.swift */ = {isa = PBXFileReference; lastKnownFileType = sourcecode.swift; path = Data/PetRepository.swift; sourceTree = "<group>"; };
		88A000000000000000000009 /* DiscoverView.swift */ = {isa = PBXFileReference; lastKnownFileType = sourcecode.swift; path = DiscoverView.swift; sourceTree = "<group>"; };
		88A00000000000000000000A /* Haptics.swift */ = {isa = PBXFileReference; lastKnownFileType = sourcecode.swift; path = Haptics.swift; sourceTree = "<group>"; };
		88A00000000000000000000B /* LikedView.swift */ = {isa = PBXFileReference; lastKnownFileType = sourcecode.swift; path = LikedView.swift; sourceTree = "<group>"; };
		88A00000000000000000000C /* Models.swift */ = {isa = PBXFileReference; lastKnownFileType = sourcecode.swift; path = Models.swift; sourceTree = "<group>"; };
		88A00000000000000000000D /* PetCardView.swift */ = {isa = PBXFileReference; lastKnownFileType = sourcecode.swift; path = PetCardView.swift; sourceTree = "<group>"; };
		88A00000000000000000000E /* PetDeckViewModel.swift */ = {isa = PBXFileReference; lastKnownFileType = sourcecode.swift; path = PetDeckViewModel.swift; sourceTree = "<group>"; };
		88A00000000000000000000F /* PetDetailView.swift */ = {isa = PBXFileReference; lastKnownFileType = sourcecode.swift; path = PetDetailView.swift; sourceTree = "<group>"; };
		88A000000000000000000010 /* PetMatchApp.swift */ = {isa = PBXFileReference; lastKnownFileType = sourcecode.swift; path = PetMatchApp.swift; sourceTree = "<group>"; };
		88A000000000000000000011 /* Theme.swift */ = {isa = PBXFileReference; lastKnownFileType = sourcecode.swift; path = Theme.swift; sourceTree = "<group>"; };
		88A000000000000000000013 /* SafariView.swift */ = {isa = PBXFileReference; lastKnownFileType = sourcecode.swift; path = UI/SafariView.swift; sourceTree = "<group>"; };
		88A000000000000000000014 /* PetDetailViewModel.swift */ = {isa = PBXFileReference; lastKnownFileType = sourcecode.swift; path = ViewModels/PetDetailViewModel.swift; sourceTree = "<group>"; };
		88A000000000000000000015 /* Assets.xcassets */ = {isa = PBXFileReference; lastKnownFileType = folder.assetcatalog; path = Assets.xcassets; sourceTree = "<group>"; };
		88A000000000000000000016 /* Preview Assets.xcassets */ = {isa = PBXFileReference; lastKnownFileType = folder.assetcatalog; path = "Preview Content/Preview Assets.xcassets"; sourceTree = "<group>"; };
		88A000000000000000000017 /* PetSearchForm.swift */ = {isa = PBXFileReference; lastKnownFileType = sourcecode.swift; path = Data/PetSearchForm.swift; sourceTree = "<group>"; };
		88A000000000000000000018 /* PetfinderConfig.swift */ = {isa = PBXFileReference; lastKnownFileType = sourcecode.swift; path = Petfinder/PetfinderConfig.swift; sourceTree = "<group>"; };
		88A000000000000000000019 /* PetfinderError.swift */ = {isa = PBXFileReference; lastKnownFileType = sourcecode.swift; path = Petfinder/PetfinderError.swift; sourceTree = "<group>"; };
		88A00000000000000000001A /* PetfinderDTOs.swift */ = {isa = PBXFileReference; lastKnownFileType = sourcecode.swift; path = Petfinder/PetfinderDTOs.swift; sourceTree = "<group>"; };
		88A00000000000000000001B /* PetfinderClient.swift */ = {isa = PBXFileReference; lastKnownFileType = sourcecode.swift; path = Petfinder/PetfinderClient.swift; sourceTree = "<group>"; };
		88A00000000000000000001C /* PetfinderPetRepository.swift */ = {isa = PBXFileReference; lastKnownFileType = sourcecode.swift; path = Data/PetfinderPetRepository.swift; sourceTree = "<group>"; };
		88A00000000000000000001D /* SamplePetRepository.swift */ = {isa = PBXFileReference; lastKnownFileType = sourcecode.swift; path = Data/SamplePetRepository.swift; sourceTree = "<group>"; };
		88A00000000000000000001E /* DistributorPetRepository.swift */ = {isa = PBXFileReference; lastKnownFileType = sourcecode.swift; path = Data/DistributorPetRepository.swift; sourceTree = "<group>"; };
		88A00000000000000000001F /* OnboardingView.swift */ = {isa = PBXFileReference; lastKnownFileType = sourcecode.swift; path = OnboardingView.swift; sourceTree = "<group>"; };
		88A000000000000000000020 /* LocationManager.swift */ = {isa = PBXFileReference; lastKnownFileType = sourcecode.swift; path = LocationManager.swift; sourceTree = "<group>"; };
		88A000000000000000000021 /* MapView.swift */ = {isa = PBXFileReference; lastKnownFileType = sourcecode.swift; path = MapView.swift; sourceTree = "<group>"; };
		88A000000000000000000022 /* MapLocationPickerView.swift */ = {isa = PBXFileReference; lastKnownFileType = sourcecode.swift; path = MapLocationPickerView.swift; sourceTree = "<group>"; };
		88A000000000000000000023 /* NewsView.swift */ = {isa = PBXFileReference; lastKnownFileType = sourcecode.swift; path = Views/NewsView.swift; sourceTree = "<group>"; };
		88A000000000000000000024 /* NewsArticle.swift */ = {isa = PBXFileReference; lastKnownFileType = sourcecode.swift; path = Models/NewsArticle.swift; sourceTree = "<group>"; };
		88A000000000000000000025 /* NewsService.swift */ = {isa = PBXFileReference; lastKnownFileType = sourcecode.swift; path = Data/NewsService.swift; sourceTree = "<group>"; };
/* End PBXFileReference section */

/* Begin PBXGroup section */
		77AAC0DB2F0C311400DBC379 /* PetMatch */ = {
			isa = PBXGroup;
			children = (
				88A000000000000000000010 /* PetMatchApp.swift */,
				88A00000000000000000001F /* OnboardingView.swift */,
				88A000000000000000000006 /* ContentView.swift */,
				88A000000000000000000009 /* DiscoverView.swift */,
				88A00000000000000000000B /* LikedView.swift */,
				88A00000000000000000000F /* PetDetailView.swift */,
				88A00000000000000000000D /* PetCardView.swift */,
				88A00000000000000000000E /* PetDeckViewModel.swift */,
				88A00000000000000000000C /* Models.swift */,
				88A00000000000000000000A /* Haptics.swift */,
				88A000000000000000000001 /* ActionButton.swift */,
				88A000000000000000000011 /* Theme.swift */,
				88A000000000000000000015 /* Assets.xcassets */,
				88A000000000000000000016 /* Preview Assets.xcassets */,
				88A000000000000000000008 /* PetRepository.swift */,
				88A000000000000000000017 /* PetSearchForm.swift */,
				88A00000000000000000001C /* PetfinderPetRepository.swift */,
				88A00000000000000000001D /* SamplePetRepository.swift */,
				88A00000000000000000001E /* DistributorPetRepository.swift */,
				88A000000000000000000018 /* PetfinderConfig.swift */,
				88A000000000000000000019 /* PetfinderError.swift */,
				88A00000000000000000001A /* PetfinderDTOs.swift */,
				88A00000000000000000001B /* PetfinderClient.swift */,
				88A000000000000000000014 /* PetDetailViewModel.swift */,
				88A000000000000000000013 /* SafariView.swift */,
				88A000000000000000000020 /* LocationManager.swift */,
				88A000000000000000000021 /* MapView.swift */,
				88A000000000000000000022 /* MapLocationPickerView.swift */,
				88A000000000000000000023 /* NewsView.swift */,
				88A000000000000000000024 /* NewsArticle.swift */,
				88A000000000000000000025 /* NewsService.swift */,
			);
			path = PetMatch;
			sourceTree = "<group>";
		};
		77AAC0EC2F0C311600DBC379 /* PetMatchTests */ = {
			isa = PBXGroup;
			path = PetMatchTests;
			sourceTree = "<group>";
		};
		77AAC0F62F0C311600DBC379 /* PetMatchUITests */ = {
			isa = PBXGroup;
			path = PetMatchUITests;
			sourceTree = "<group>";
		};
/* End PBXGroup section */

/* Begin PBXFrameworksBuildPhase section */
		77AAC0D62F0C311400DBC379 /* Frameworks */ = {
			isa = PBXFrameworksBuildPhase;
			buildActionMask = 2147483647;
			files = (
			);
			runOnlyForDeploymentPostprocessing = 0;
		};
		77AAC0E62F0C311600DBC379 /* Frameworks */ = {
			isa = PBXFrameworksBuildPhase;
			buildActionMask = 2147483647;
			files = (
			);
			runOnlyForDeploymentPostprocessing = 0;
		};
		77AAC0F02F0C311600DBC379 /* Frameworks */ = {
			isa = PBXFrameworksBuildPhase;
			buildActionMask = 2147483647;
			files = (
			);
			runOnlyForDeploymentPostprocessing = 0;
		};
/* End PBXFrameworksBuildPhase section */

/* Begin PBXGroup section */
		77AAC0D02F0C311400DBC379 = {
			isa = PBXGroup;
			children = (
				77AAC0DB2F0C311400DBC379 /* PetMatch */,
				77AAC0EC2F0C311600DBC379 /* PetMatchTests */,
				77AAC0F62F0C311600DBC379 /* PetMatchUITests */,
				77AAC0DA2F0C311400DBC379 /* Products */,
			);
			sourceTree = "<group>";
		};
		77AAC0DA2F0C311400DBC379 /* Products */ = {
			isa = PBXGroup;
			children = (
				77AAC0D92F0C311400DBC379 /* PetMatch.app */,
				77AAC0E92F0C311600DBC379 /* PetMatchTests.xctest */,
				77AAC0F32F0C311600DBC379 /* PetMatchUITests.xctest */,
			);
			name = Products;
			sourceTree = "<group>";
		};
/* End PBXGroup section */

/* Begin PBXNativeTarget section */
		77AAC0D82F0C311400DBC379 /* PetMatch */ = {
			isa = PBXNativeTarget;
			buildConfigurationList = 77AAC0FD2F0C311600DBC379 /* Build configuration list for PBXNativeTarget "PetMatch" */;
			buildPhases = (
				77AAC0D52F0C311400DBC379 /* Sources */,
				77AAC0D62F0C311400DBC379 /* Frameworks */,
				77AAC0D72F0C311400DBC379 /* Resources */,
			);
			buildRules = (
			);
			dependencies = (
			);
			name = PetMatch;
			packageProductDependencies = (
			);
			productName = PetMatch;
			productReference = 77AAC0D92F0C311400DBC379 /* PetMatch.app */;
			productType = "com.apple.product-type.application";
		};
		77AAC0E82F0C311600DBC379 /* PetMatchTests */ = {
			isa = PBXNativeTarget;
			buildConfigurationList = 77AAC1002F0C311600DBC379 /* Build configuration list for PBXNativeTarget "PetMatchTests" */;
			buildPhases = (
				77AAC0E52F0C311600DBC379 /* Sources */,
				77AAC0E62F0C311600DBC379 /* Frameworks */,
				77AAC0E72F0C311600DBC379 /* Resources */,
			);
			buildRules = (
			);
			dependencies = (
				77AAC0EB2F0C311600DBC379 /* PBXTargetDependency */,
			);
			name = PetMatchTests;
			packageProductDependencies = (
			);
			productName = PetMatchTests;
			productReference = 77AAC0E92F0C311600DBC379 /* PetMatchTests.xctest */;
			productType = "com.apple.product-type.bundle.unit-test";
		};
		77AAC0F22F0C311600DBC379 /* PetMatchUITests */ = {
			isa = PBXNativeTarget;
			buildConfigurationList = 77AAC1032F0C311600DBC379 /* Build configuration list for PBXNativeTarget "PetMatchUITests" */;
			buildPhases = (
				77AAC0EF2F0C311600DBC379 /* Sources */,
				77AAC0F02F0C311600DBC379 /* Frameworks */,
				77AAC0F12F0C311600DBC379 /* Resources */,
			);
			buildRules = (
			);
			dependencies = (
				77AAC0F52F0C311600DBC379 /* PBXTargetDependency */,
			);
			name = PetMatchUITests;
			packageProductDependencies = (
			);
			productName = PetMatchUITests;
			productReference = 77AAC0F32F0C311600DBC379 /* PetMatchUITests.xctest */;
			productType = "com.apple.product-type.bundle.ui-testing";
		};
/* End PBXNativeTarget section */

/* Begin PBXProject section */
		77AAC0D12F0C311400DBC379 /* Project object */ = {
			isa = PBXProject;
			attributes = {
				BuildIndependentTargetsInParallel = 1;
				LastSwiftUpdateCheck = 1600;
				LastUpgradeCheck = 1600;
				TargetAttributes = {
					77AAC0D82F0C311400DBC379 = {
						CreatedOnToolsVersion = 16.0;
					};
					77AAC0E82F0C311600DBC379 = {
						CreatedOnToolsVersion = 16.0;
						TestTargetID = 77AAC0D82F0C311400DBC379;
					};
					77AAC0F22F0C311600DBC379 = {
						CreatedOnToolsVersion = 16.0;
						TestTargetID = 77AAC0D82F0C311400DBC379;
					};
				};
			};
			buildConfigurationList = 77AAC0D42F0C311400DBC379 /* Build configuration list for PBXProject "PetMatch" */;
			developmentRegion = en;
			hasScannedForEncodings = 0;
			knownRegions = (
				en,
				Base,
			);
			mainGroup = 77AAC0D02F0C311400DBC379;
			minimizedProjectReferenceProxies = 1;
			preferredProjectObjectVersion = 60;
			productRefGroup = 77AAC0DA2F0C311400DBC379 /* Products */;
			projectDirPath = "";
			projectRoot = "";
			targets = (
				77AAC0D82F0C311400DBC379 /* PetMatch */,
				77AAC0E82F0C311600DBC379 /* PetMatchTests */,
				77AAC0F22F0C311600DBC379 /* PetMatchUITests */,
			);
		};
/* End PBXProject section */

/* Begin PBXResourcesBuildPhase section */
		77AAC0D72F0C311400DBC379 /* Resources */ = {
			isa = PBXResourcesBuildPhase;
			buildActionMask = 2147483647;
			files = (
				88B000000000000000000015 /* Assets.xcassets in Resources */,
				88B000000000000000000016 /* Preview Assets.xcassets in Resources */,
			);
			runOnlyForDeploymentPostprocessing = 0;
		};
		77AAC0E72F0C311600DBC379 /* Resources */ = {
			isa = PBXResourcesBuildPhase;
			buildActionMask = 2147483647;
			files = (
			);
			runOnlyForDeploymentPostprocessing = 0;
		};
		77AAC0F12F0C311600DBC379 /* Resources */ = {
			isa = PBXResourcesBuildPhase;
			buildActionMask = 2147483647;
			files = (
			);
			runOnlyForDeploymentPostprocessing = 0;
		};
/* End PBXResourcesBuildPhase section */

/* Begin PBXSourcesBuildPhase section */
		77AAC0D52F0C311400DBC379 /* Sources */ = {
			isa = PBXSourcesBuildPhase;
			buildActionMask = 2147483647;
			files = (
				88B000000000000000000010 /* PetMatchApp.swift in Sources */,
				88B000000000000000000006 /* ContentView.swift in Sources */,
				88B000000000000000000009 /* DiscoverView.swift in Sources */,
				88B00000000000000000000B /* LikedView.swift in Sources */,
				88B00000000000000000000F /* PetDetailView.swift in Sources */,
				88B00000000000000000000D /* PetCardView.swift in Sources */,
				88B00000000000000000000E /* PetDeckViewModel.swift in Sources */,
				88B00000000000000000000C /* Models.swift in Sources */,
				88B00000000000000000000A /* Haptics.swift in Sources */,
				88B000000000000000000001 /* ActionButton.swift in Sources */,
				88B000000000000000000011 /* Theme.swift in Sources */,
				88B000000000000000000008 /* PetRepository.swift in Sources */,
				88B000000000000000000014 /* PetDetailViewModel.swift in Sources */,
				88B000000000000000000013 /* SafariView.swift in Sources */,
				88B000000000000000000017 /* PetSearchForm.swift in Sources */,
				88B00000000000000000001C /* PetfinderPetRepository.swift in Sources */,
				88B00000000000000000001E /* DistributorPetRepository.swift in Sources */,
				88B000000000000000000018 /* PetfinderConfig.swift in Sources */,
				88B000000000000000000019 /* PetfinderError.swift in Sources */,
				88B00000000000000000001A /* PetfinderDTOs.swift in Sources */,
				88B00000000000000000001B /* PetfinderClient.swift in Sources */,
				88B00000000000000000001D /* SamplePetRepository.swift in Sources */,
				88B00000000000000000001F /* OnboardingView.swift in Sources */,
				88B000000000000000000020 /* LocationManager.swift in Sources */,
				88B000000000000000000021 /* MapView.swift in Sources */,
				88B000000000000000000022 /* MapLocationPickerView.swift in Sources */,
				88B000000000000000000023 /* NewsView.swift in Sources */,
				88B000000000000000000024 /* NewsArticle.swift in Sources */,
				88B000000000000000000025 /* NewsService.swift in Sources */,
			);
			runOnlyForDeploymentPostprocessing = 0;
		};
		77AAC0E52F0C311600DBC379 /* Sources */ = {
			isa = PBXSourcesBuildPhase;
			buildActionMask = 2147483647;
			files = (
			);
			runOnlyForDeploymentPostprocessing = 0;
		};
		77AAC0EF2F0C311600DBC379 /* Sources */ = {
			isa = PBXSourcesBuildPhase;
			buildActionMask = 2147483647;
			files = (
			);
			runOnlyForDeploymentPostprocessing = 0;
		};
/* End PBXSourcesBuildPhase section */

/* Begin PBXTargetDependency section */
		77AAC0EB2F0C311600DBC379 /* PBXTargetDependency */ = {
			isa = PBXTargetDependency;
			target = 77AAC0D82F0C311400DBC379 /* PetMatch */;
			targetProxy = 77AAC0EA2F0C311600DBC379 /* PBXContainerItemProxy */;
		};
		77AAC0F52F0C311600DBC379 /* PBXTargetDependency */ = {
			isa = PBXTargetDependency;
			target = 77AAC0D82F0C311400DBC379 /* PetMatch */;
			targetProxy = 77AAC0F42F0C311600DBC379 /* PBXContainerItemProxy */;
		};
/* End PBXTargetDependency section */

/* Begin XCBuildConfiguration section */
		77AAC0FB2F0C311600DBC379 /* Debug */ = {
			isa = XCBuildConfiguration;
			buildSettings = {
				ALWAYS_SEARCH_USER_PATHS = NO;
				ASSETCATALOG_COMPILER_GENERATE_SWIFT_ASSET_SYMBOL_EXTENSIONS = YES;
				CLANG_ANALYZER_NONNULL = YES;
				CLANG_ANALYZER_NUMBER_OBJECT_CONVERSION = YES_AGGRESSIVE;
				CLANG_CXX_LANGUAGE_STANDARD = "gnu++20";
				CLANG_ENABLE_MODULES = YES;
				CLANG_ENABLE_OBJC_ARC = YES;
				CLANG_ENABLE_OBJC_WEAK = YES;
				CLANG_WARN_BLOCK_CAPTURE_AUTORELEASING = YES;
				CLANG_WARN_BOOL_CONVERSION = YES;
				CLANG_WARN_COMMA = YES;
				CLANG_WARN_CONSTANT_CONVERSION = YES;
				CLANG_WARN_DEPRECATED_OBJC_IMPLEMENTATIONS = YES;
				CLANG_WARN_DIRECT_OBJC_ISA_USAGE = YES_ERROR;
				CLANG_WARN_DOCUMENTATION_COMMENTS = YES;
				CLANG_WARN_EMPTY_BODY = YES;
				CLANG_WARN_ENUM_CONVERSION = YES;
				CLANG_WARN_INFINITE_RECURSION = YES;
				CLANG_WARN_INT_CONVERSION = YES;
				CLANG_WARN_NON_LITERAL_NULL_CONVERSION = YES;
				CLANG_WARN_OBJC_IMPLICIT_RETAIN_SELF = YES;
				CLANG_WARN_OBJC_LITERAL_CONVERSION = YES;
				CLANG_WARN_OBJC_ROOT_CLASS = YES_ERROR;
				CLANG_WARN_QUOTED_INCLUDE_IN_FRAMEWORK_HEADER = YES;
				CLANG_WARN_RANGE_LOOP_ANALYSIS = YES;
				CLANG_WARN_STRICT_PROTOTYPES = YES;
				CLANG_WARN_SUSPICIOUS_MOVE = YES;
				CLANG_WARN_UNGUARDED_AVAILABILITY = YES_AGGRESSIVE;
				CLANG_WARN_UNREACHABLE_CODE = YES;
				CLANG_WARN__DUPLICATE_METHOD_MATCH = YES;
				COPY_PHASE_STRIP = NO;
				DEBUG_INFORMATION_FORMAT = dwarf;
				ENABLE_STRICT_OBJC_MSGSEND = YES;
				ENABLE_TESTABILITY = YES;
				ENABLE_USER_SCRIPT_SANDBOXING = YES;
				GCC_C_LANGUAGE_STANDARD = gnu17;
				GCC_DYNAMIC_NO_PIC = NO;
				GCC_NO_COMMON_BLOCKS = YES;
				GCC_OPTIMIZATION_LEVEL = 0;
				GCC_PREPROCESSOR_DEFINITIONS = (
					"DEBUG=1",
					"$(inherited)",
				);
				GCC_WARN_64_TO_32_BIT_CONVERSION = YES;
				GCC_WARN_ABOUT_RETURN_TYPE = YES_ERROR;
				GCC_WARN_UNDECLARED_SELECTOR = YES;
				GCC_WARN_UNINITIALIZED_AUTOS = YES_AGGRESSIVE;
				GCC_WARN_UNUSED_FUNCTION = YES;
				GCC_WARN_UNUSED_VARIABLE = YES;
				IPHONEOS_DEPLOYMENT_TARGET = 17.0;
				LOCALIZATION_PREFERS_STRING_CATALOGS = YES;
				MTL_ENABLE_DEBUG_INFO = INCLUDE_SOURCE;
				MTL_FAST_MATH = YES;
				ONLY_ACTIVE_ARCH = YES;
				SDKROOT = iphoneos;
				SWIFT_ACTIVE_COMPILATION_CONDITIONS = "DEBUG $(inherited)";
				SWIFT_OPTIMIZATION_LEVEL = "-Onone";
			};
			name = Debug;
		};
		77AAC0FC2F0C311600DBC379 /* Release */ = {
			isa = XCBuildConfiguration;
			buildSettings = {
				ALWAYS_SEARCH_USER_PATHS = NO;
				ASSETCATALOG_COMPILER_GENERATE_SWIFT_ASSET_SYMBOL_EXTENSIONS = YES;
				CLANG_ANALYZER_NONNULL = YES;
				CLANG_ANALYZER_NUMBER_OBJECT_CONVERSION = YES_AGGRESSIVE;
				CLANG_CXX_LANGUAGE_STANDARD = "gnu++20";
				CLANG_ENABLE_MODULES = YES;
				CLANG_ENABLE_OBJC_ARC = YES;
				CLANG_ENABLE_OBJC_WEAK = YES;
				CLANG_WARN_BLOCK_CAPTURE_AUTORELEASING = YES;
				CLANG_WARN_BOOL_CONVERSION = YES;
				CLANG_WARN_COMMA = YES;
				CLANG_WARN_CONSTANT_CONVERSION = YES;
				CLANG_WARN_DEPRECATED_OBJC_IMPLEMENTATIONS = YES;
				CLANG_WARN_DIRECT_OBJC_ISA_USAGE = YES_ERROR;
				CLANG_WARN_DOCUMENTATION_COMMENTS = YES;
				CLANG_WARN_EMPTY_BODY = YES;
				CLANG_WARN_ENUM_CONVERSION = YES;
				CLANG_WARN_INFINITE_RECURSION = YES;
				CLANG_WARN_INT_CONVERSION = YES;
				CLANG_WARN_NON_LITERAL_NULL_CONVERSION = YES;
				CLANG_WARN_OBJC_IMPLICIT_RETAIN_SELF = YES;
				CLANG_WARN_OBJC_LITERAL_CONVERSION = YES;
				CLANG_WARN_OBJC_ROOT_CLASS = YES_ERROR;
				CLANG_WARN_QUOTED_INCLUDE_IN_FRAMEWORK_HEADER = YES;
				CLANG_WARN_RANGE_LOOP_ANALYSIS = YES;
				CLANG_WARN_STRICT_PROTOTYPES = YES;
				CLANG_WARN_SUSPICIOUS_MOVE = YES;
				CLANG_WARN_UNGUARDED_AVAILABILITY = YES_AGGRESSIVE;
				CLANG_WARN_UNREACHABLE_CODE = YES;
				CLANG_WARN__DUPLICATE_METHOD_MATCH = YES;
				COPY_PHASE_STRIP = NO;
				DEBUG_INFORMATION_FORMAT = "dwarf-with-dsym";
				ENABLE_NS_ASSERTIONS = NO;
				ENABLE_STRICT_OBJC_MSGSEND = YES;
				ENABLE_USER_SCRIPT_SANDBOXING = YES;
				GCC_C_LANGUAGE_STANDARD = gnu17;
				GCC_NO_COMMON_BLOCKS = YES;
				GCC_WARN_64_TO_32_BIT_CONVERSION = YES;
				GCC_WARN_ABOUT_RETURN_TYPE = YES_ERROR;
				GCC_WARN_UNDECLARED_SELECTOR = YES;
				GCC_WARN_UNINITIALIZED_AUTOS = YES_AGGRESSIVE;
				GCC_WARN_UNUSED_FUNCTION = YES;
				GCC_WARN_UNUSED_VARIABLE = YES;
				IPHONEOS_DEPLOYMENT_TARGET = 17.0;
				LOCALIZATION_PREFERS_STRING_CATALOGS = YES;
				MTL_ENABLE_DEBUG_INFO = NO;
				MTL_FAST_MATH = YES;
				SDKROOT = iphoneos;
				SWIFT_COMPILATION_MODE = wholemodule;
				VALIDATE_PRODUCT = YES;
			};
			name = Release;
		};
		77AAC0FE2F0C311600DBC379 /* Debug */ = {
			isa = XCBuildConfiguration;
			buildSettings = {
				ASSETCATALOG_COMPILER_APPICON_NAME = AppIcon;
				ASSETCATALOG_COMPILER_GLOBAL_ACCENT_COLOR_NAME = AccentColor;
				CODE_SIGN_STYLE = Automatic;
				CURRENT_PROJECT_VERSION = 1;
				DEVELOPMENT_ASSET_PATHS = "\"PetMatch/Preview Content\"";
				DEVELOPMENT_TEAM = 27UYP9A87W;
				ENABLE_PREVIEWS = YES;
				GENERATE_INFOPLIST_FILE = YES;
				INFOPLIST_KEY_UIApplicationSceneManifest_Generation = YES;
				INFOPLIST_KEY_UIApplicationSupportsIndirectInputEvents = YES;
				INFOPLIST_KEY_UILaunchScreen_Generation = YES;
				INFOPLIST_KEY_UISupportedInterfaceOrientations_iPad = "UIInterfaceOrientationPortrait UIInterfaceOrientationPortraitUpsideDown UIInterfaceOrientationLandscapeLeft UIInterfaceOrientationLandscapeRight";
				INFOPLIST_KEY_UISupportedInterfaceOrientations_iPhone = "UIInterfaceOrientationPortrait UIInterfaceOrientationLandscapeLeft UIInterfaceOrientationLandscapeRight";
				LD_RUNPATH_SEARCH_PATHS = (
					"$(inherited)",
					"@executable_path/Frameworks",
				);
				MARKETING_VERSION = 1.0;
				PRODUCT_BUNDLE_IDENTIFIER = com.PetMatch.PetMatch;
				PRODUCT_NAME = "$(TARGET_NAME)";
				SWIFT_EMIT_LOC_STRINGS = YES;
				SWIFT_VERSION = 5.0;
				TARGETED_DEVICE_FAMILY = "1,2";
			};
			name = Debug;
		};
		77AAC0FF2F0C311600DBC379 /* Release */ = {
			isa = XCBuildConfiguration;
			buildSettings = {
				ASSETCATALOG_COMPILER_APPICON_NAME = AppIcon;
				ASSETCATALOG_COMPILER_GLOBAL_ACCENT_COLOR_NAME = AccentColor;
				CODE_SIGN_STYLE = Automatic;
				CURRENT_PROJECT_VERSION = 1;
				DEVELOPMENT_ASSET_PATHS = "\"PetMatch/Preview Content\"";
				DEVELOPMENT_TEAM = 27UYP9A87W;
				ENABLE_PREVIEWS = YES;
				GENERATE_INFOPLIST_FILE = YES;
				INFOPLIST_KEY_UIApplicationSceneManifest_Generation = YES;
				INFOPLIST_KEY_UIApplicationSupportsIndirectInputEvents = YES;
				INFOPLIST_KEY_UILaunchScreen_Generation = YES;
				INFOPLIST_KEY_UISupportedInterfaceOrientations_iPad = "UIInterfaceOrientationPortrait UIInterfaceOrientationPortraitUpsideDown UIInterfaceOrientationLandscapeLeft UIInterfaceOrientationLandscapeRight";
				INFOPLIST_KEY_UISupportedInterfaceOrientations_iPhone = "UIInterfaceOrientationPortrait UIInterfaceOrientationLandscapeLeft UIInterfaceOrientationLandscapeRight";
				LD_RUNPATH_SEARCH_PATHS = (
					"$(inherited)",
					"@executable_path/Frameworks",
				);
				MARKETING_VERSION = 1.0;
				PRODUCT_BUNDLE_IDENTIFIER = com.PetMatch.PetMatch;
				PRODUCT_NAME = "$(TARGET_NAME)";
				SWIFT_EMIT_LOC_STRINGS = YES;
				SWIFT_VERSION = 5.0;
				TARGETED_DEVICE_FAMILY = "1,2";
			};
			name = Release;
		};
		77AAC1012F0C311600DBC379 /* Debug */ = {
			isa = XCBuildConfiguration;
			buildSettings = {
				BUNDLE_LOADER = "$(TEST_HOST)";
				CODE_SIGN_STYLE = Automatic;
				CURRENT_PROJECT_VERSION = 1;
				DEVELOPMENT_TEAM = 27UYP9A87W;
				GENERATE_INFOPLIST_FILE = YES;
				IPHONEOS_DEPLOYMENT_TARGET = 18.0;
				MARKETING_VERSION = 1.0;
				PRODUCT_BUNDLE_IDENTIFIER = com.PetMatch.PetMatchTests;
				PRODUCT_NAME = "$(TARGET_NAME)";
				SWIFT_EMIT_LOC_STRINGS = NO;
				SWIFT_VERSION = 5.0;
				TARGETED_DEVICE_FAMILY = "1,2";
				TEST_HOST = "$(BUILT_PRODUCTS_DIR)/PetMatch.app/$(BUNDLE_EXECUTABLE_FOLDER_PATH)/PetMatch";
			};
			name = Debug;
		};
		77AAC1022F0C311600DBC379 /* Release */ = {
			isa = XCBuildConfiguration;
			buildSettings = {
				BUNDLE_LOADER = "$(TEST_HOST)";
				CODE_SIGN_STYLE = Automatic;
				CURRENT_PROJECT_VERSION = 1;
				DEVELOPMENT_TEAM = 27UYP9A87W;
				GENERATE_INFOPLIST_FILE = YES;
				IPHONEOS_DEPLOYMENT_TARGET = 18.0;
				MARKETING_VERSION = 1.0;
				PRODUCT_BUNDLE_IDENTIFIER = com.PetMatch.PetMatchTests;
				PRODUCT_NAME = "$(TARGET_NAME)";
				SWIFT_EMIT_LOC_STRINGS = NO;
				SWIFT_VERSION = 5.0;
				TARGETED_DEVICE_FAMILY = "1,2";
				TEST_HOST = "$(BUILT_PRODUCTS_DIR)/PetMatch.app/$(BUNDLE_EXECUTABLE_FOLDER_PATH)/PetMatch";
			};
			name = Release;
		};
		77AAC1042F0C311600DBC379 /* Debug */ = {
			isa = XCBuildConfiguration;
			buildSettings = {
				CODE_SIGN_STYLE = Automatic;
				CURRENT_PROJECT_VERSION = 1;
				DEVELOPMENT_TEAM = 27UYP9A87W;
				GENERATE_INFOPLIST_FILE = YES;
				MARKETING_VERSION = 1.0;
				PRODUCT_BUNDLE_IDENTIFIER = com.PetMatch.PetMatchUITests;
				PRODUCT_NAME = "$(TARGET_NAME)";
				SWIFT_EMIT_LOC_STRINGS = NO;
				SWIFT_VERSION = 5.0;
				TARGETED_DEVICE_FAMILY = "1,2";
				TEST_TARGET_NAME = PetMatch;
			};
			name = Debug;
		};
		77AAC1052F0C311600DBC379 /* Release */ = {
			isa = XCBuildConfiguration;
			buildSettings = {
				CODE_SIGN_STYLE = Automatic;
				CURRENT_PROJECT_VERSION = 1;
				DEVELOPMENT_TEAM = 27UYP9A87W;
				GENERATE_INFOPLIST_FILE = YES;
				MARKETING_VERSION = 1.0;
				PRODUCT_BUNDLE_IDENTIFIER = com.PetMatch.PetMatchUITests;
				PRODUCT_NAME = "$(TARGET_NAME)";
				SWIFT_EMIT_LOC_STRINGS = NO;
				SWIFT_VERSION = 5.0;
				TARGETED_DEVICE_FAMILY = "1,2";
				TEST_TARGET_NAME = PetMatch;
			};
			name = Release;
		};
/* End XCBuildConfiguration section */

/* Begin XCConfigurationList section */
		77AAC0D42F0C311400DBC379 /* Build configuration list for PBXProject "PetMatch" */ = {
			isa = XCConfigurationList;
			buildConfigurations = (
				77AAC0FB2F0C311600DBC379 /* Debug */,
				77AAC0FC2F0C311600DBC379 /* Release */,
			);
			defaultConfigurationIsVisible = 0;
			defaultConfigurationName = Release;
		};
		77AAC0FD2F0C311600DBC379 /* Build configuration list for PBXNativeTarget "PetMatch" */ = {
			isa = XCConfigurationList;
			buildConfigurations = (
				77AAC0FE2F0C311600DBC379 /* Debug */,
				77AAC0FF2F0C311600DBC379 /* Release */,
			);
			defaultConfigurationIsVisible = 0;
			defaultConfigurationName = Release;
		};
		77AAC1002F0C311600DBC379 /* Build configuration list for PBXNativeTarget "PetMatchTests" */ = {
			isa = XCConfigurationList;
			buildConfigurations = (
				77AAC1012F0C311600DBC379 /* Debug */,
				77AAC1022F0C311600DBC379 /* Release */,
			);
			defaultConfigurationIsVisible = 0;
			defaultConfigurationName = Release;
		};
		77AAC1032F0C311600DBC379 /* Build configuration list for PBXNativeTarget "PetMatchUITests" */ = {
			isa = XCConfigurationList;
			buildConfigurations = (
				77AAC1042F0C311600DBC379 /* Debug */,
				77AAC1052F0C311600DBC379 /* Release */,
			);
			defaultConfigurationIsVisible = 0;
			defaultConfigurationName = Release;
		};
/* End XCConfigurationList section */
	};
	rootObject = 77AAC0D12F0C311400DBC379 /* Project object */;
}
